
Microsoft Visual Studio Solution File, Format Version 12.00
# Visual Studio Version 17
VisualStudioVersion = 17.7.34018.315
MinimumVisualStudioVersion = 10.0.40219.1
Project("{9A19103F-16F7-4668-BE54-9A1E7A4F7556}") = "SF2022UserLib", "SF2022UserLib.csproj", "{3AF74BB3-8A12-42BF-BB42-49E422ADC757}"
EndProject
Project("{FAE04EC0-301F-11D3-BF4B-00C04F79EFBC}") = "SF2022UserLib.Tests", "..\SF2022UserLib.Tests\SF2022UserLib.Tests.csproj", "{757D5506-1B9A-48AD-ADB7-05CB2E01F1C8}"
EndProject
Global
	GlobalSection(SolutionConfigurationPlatforms) = preSolution
		Debug|Any CPU = Debug|Any CPU
		Release|Any CPU = Release|Any CPU
	EndGlobalSection
	GlobalSection(ProjectConfigurationPlatforms) = postSolution
		{3AF74BB3-8A12-42BF-BB42-49E422ADC757}.Debug|Any CPU.ActiveCfg = Debug|Any CPU
		{3AF74BB3-8A12-42BF-BB42-49E422ADC757}.Debug|Any CPU.Build.0 = Debug|Any CPU
		{3AF74BB3-8A12-42BF-BB42-49E422ADC757}.Release|Any CPU.ActiveCfg = Release|Any CPU
		{3AF74BB3-8A12-42BF-BB42-49E422ADC757}.Release|Any CPU.Build.0 = Release|Any CPU
		{757D5506-1B9A-48AD-ADB7-05CB2E01F1C8}.Debug|Any CPU.ActiveCfg = Debug|Any CPU
		{757D5506-1B9A-48AD-ADB7-05CB2E01F1C8}.Debug|Any CPU.Build.0 = Debug|Any CPU
		{757D5506-1B9A-48AD-ADB7-05CB2E01F1C8}.Release|Any CPU.ActiveCfg = Release|Any CPU
		{757D5506-1B9A-48AD-ADB7-05CB2E01F1C8}.Release|Any CPU.Build.0 = Release|Any CPU
	EndGlobalSection
	GlobalSection(SolutionProperties) = preSolution
		HideSolutionNode = FALSE
	EndGlobalSection
	GlobalSection(ExtensibilityGlobals) = postSolution
		SolutionGuid = {BCF0B195-666C-4C9E-B01F-025C0A7CE324}
	EndGlobalSection
EndGlobal
